{
  "name": "@goldenratio/type-transform",
  "version": "0.1.7",
  "lockfileVersion": 3,
  "requires": true,
  "packages": {
    "": {
      "name": "@goldenratio/type-transform",
      "version": "0.1.7",
      "license": "MIT",
      "bin": {
        "type-transform": "src/cli.js"
      },
      "optionalDependencies": {
        "@goldenratio/type-transform-darwin-arm64": "0.0.3",
        "@goldenratio/type-transform-darwin-x64": "0.0.3",
        "@goldenratio/type-transform-linux-x64": "0.0.3",
        "@goldenratio/type-transform-windows-x64": "0.0.3"
      }
    },
    "node_modules/@goldenratio/type-transform-darwin-arm64": {
      "version": "0.0.3",
      "resolved": "https://registry.npmjs.org/@goldenratio/type-transform-darwin-arm64/-/type-transform-darwin-arm64-0.0.3.tgz",
      "integrity": "sha512-r2uFztfUhODd63Akr5pOmFIvacBZj6hzuJOMK8KAjiYRdlE6eUoszXhYoafbxXWLYp0Bd+sWlLsTNVmq2Qtn+g==",
      "cpu": [
        "arm64"
      ],
      "license": "MIT",
      "optional": true,
      "os": [
        "darwin"
      ]
    },
    "node_modules/@goldenratio/type-transform-darwin-x64": {
      "version": "0.0.3",
      "resolved": "https://registry.npmjs.org/@goldenratio/type-transform-darwin-x64/-/type-transform-darwin-x64-0.0.3.tgz",
      "integrity": "sha512-nVUnQTRKM2Gmr1lnvujR4LjzWsT8nuqz5OtRQoaytiipieJ2SY7S1IVsCYAyVfX4WHizUTVW86Q6HXbZBD743g==",
      "cpu": [
        "x64"
      ],
      "license": "MIT",
      "optional": true,
      "os": [
        "darwin"
      ]
    },
    "node_modules/@goldenratio/type-transform-linux-x64": {
      "version": "0.0.3",
      "resolved": "https://registry.npmjs.org/@goldenratio/type-transform-linux-x64/-/type-transform-linux-x64-0.0.3.tgz",
      "integrity": "sha512-2RibjqyLGE3TjwGCsZV6F1Vi2m4CokblwvIqp+e1ZGbvwL1ndSAtUOc/3Pg/29f1rEGYVcQg/7n9Og1hkUAPXQ==",
      "cpu": [
        "x64"
      ],
      "license": "MIT",
      "optional": true,
      "os": [
        "linux"
      ]
    },
    "node_modules/@goldenratio/type-transform-windows-x64": {
      "version": "0.0.3",
      "resolved": "https://registry.npmjs.org/@goldenratio/type-transform-windows-x64/-/type-transform-windows-x64-0.0.3.tgz",
      "integrity": "sha512-merx9dxNX0OwPIMuHNpYuTQoxBmlRT1n/ovc6ilQwIDLJAbDa3m+62xBdusXrnyTGvryXety25PWRENGlTON/A==",
      "cpu": [
        "x64"
      ],
      "license": "MIT",
      "optional": true,
      "os": [
        "win32"
      ]
    }
  }
}
