{
  "name": "@goldenratio/type-transform",
  "version": "0.1.9",
  "lockfileVersion": 3,
  "requires": true,
  "packages": {
    "": {
      "name": "@goldenratio/type-transform",
      "version": "0.1.9",
      "license": "MIT",
      "bin": {
        "type-transform": "src/cli.js"
      },
      "optionalDependencies": {
        "@goldenratio/type-transform-darwin-arm64": "0.1.9",
        "@goldenratio/type-transform-darwin-x64": "0.1.9",
        "@goldenratio/type-transform-linux-x64": "0.1.9",
        "@goldenratio/type-transform-windows-x64": "0.1.9"
      }
    },
    "node_modules/@goldenratio/type-transform-darwin-arm64": {
      "version": "0.1.9",
      "resolved": "https://registry.npmjs.org/@goldenratio/type-transform-darwin-arm64/-/type-transform-darwin-arm64-0.1.9.tgz",
      "integrity": "sha512-n5MLYlBRt2D0Nc2xnx5+l7xGnRlYfQYi7fUo9i5bBeVi3HE1G3C5xx691fFciaKqlmF1/4pCrlz454G1EenaEg==",
      "cpu": [
        "arm64"
      ],
      "license": "MIT",
      "optional": true,
      "os": [
        "darwin"
      ]
    },
    "node_modules/@goldenratio/type-transform-darwin-x64": {
      "version": "0.1.9",
      "resolved": "https://registry.npmjs.org/@goldenratio/type-transform-darwin-x64/-/type-transform-darwin-x64-0.1.9.tgz",
      "integrity": "sha512-/+Us27uY7jkAzejNOboyM+UZuskbGPzXtzBaMN9zbMI2V6s8IWhHXnGO9TTEYm92WBD4irtj2TTAdWEIe+gYHg==",
      "cpu": [
        "x64"
      ],
      "license": "MIT",
      "optional": true,
      "os": [
        "darwin"
      ]
    },
    "node_modules/@goldenratio/type-transform-linux-x64": {
      "version": "0.1.9",
      "resolved": "https://registry.npmjs.org/@goldenratio/type-transform-linux-x64/-/type-transform-linux-x64-0.1.9.tgz",
      "integrity": "sha512-wJ3QodhUhCgV5H+uuGZiB6Ho6f584fjaMnCC9B9UOVKaAnq8NcJ26wVIHbWz/ECBp6N/MKShyMyL6skZ7TPUbQ==",
      "cpu": [
        "x64"
      ],
      "license": "MIT",
      "optional": true,
      "os": [
        "linux"
      ]
    },
    "node_modules/@goldenratio/type-transform-windows-x64": {
      "version": "0.1.9",
      "resolved": "https://registry.npmjs.org/@goldenratio/type-transform-windows-x64/-/type-transform-windows-x64-0.1.9.tgz",
      "integrity": "sha512-bBLQ22ha15uVbQC7GruRUjKyWuSz/Q2uGEzlCNlPAIux949kD5NqMocJSCWUtiBHgmdOaNj2glq907YT3e1M5A==",
      "cpu": [
        "x64"
      ],
      "license": "MIT",
      "optional": true,
      "os": [
        "win32"
      ]
    }
  }
}
