{
  "name": "@goldenratio/type-transform",
  "version": "0.1.11",
  "lockfileVersion": 3,
  "requires": true,
  "packages": {
    "": {
      "name": "@goldenratio/type-transform",
      "version": "0.1.11",
      "license": "MIT",
      "bin": {
        "type-transform": "src/cli.js"
      },
      "optionalDependencies": {
        "@goldenratio/type-transform-darwin-arm64": "0.1.11",
        "@goldenratio/type-transform-darwin-x64": "0.1.11",
        "@goldenratio/type-transform-linux-x64": "0.1.11",
        "@goldenratio/type-transform-windows-x64": "0.1.11"
      }
    },
    "node_modules/@goldenratio/type-transform-darwin-arm64": {
      "version": "0.1.11",
      "resolved": "https://registry.npmjs.org/@goldenratio/type-transform-darwin-arm64/-/type-transform-darwin-arm64-0.1.11.tgz",
      "integrity": "sha512-BK2WOa546dc2oh+f6OXZP+mYkCzlih6cneze1mKEgCXPFTy05S3vfl2YbbbdY98nVY+no62v4OviMa7S7Be55Q==",
      "cpu": [
        "arm64"
      ],
      "license": "MIT",
      "optional": true,
      "os": [
        "darwin"
      ]
    },
    "node_modules/@goldenratio/type-transform-darwin-x64": {
      "version": "0.1.11",
      "resolved": "https://registry.npmjs.org/@goldenratio/type-transform-darwin-x64/-/type-transform-darwin-x64-0.1.11.tgz",
      "integrity": "sha512-TGPnRqzE4YxYIp/LkrtkutVwM4ssGuV2Np8vM92KsvLllEljNuJziatAETp5+Nn7FAHThOf2s2bAj8VYtJgCCQ==",
      "cpu": [
        "x64"
      ],
      "license": "MIT",
      "optional": true,
      "os": [
        "darwin"
      ]
    },
    "node_modules/@goldenratio/type-transform-linux-x64": {
      "version": "0.1.11",
      "resolved": "https://registry.npmjs.org/@goldenratio/type-transform-linux-x64/-/type-transform-linux-x64-0.1.11.tgz",
      "integrity": "sha512-bibJa4giYSJmTEBmzKxxp78xQl7OgC8rMuIWYhkxQN7Yo/ClzdyJ485xvfZP2SbqHtY85VwFkPP/x9cZ4lpDrg==",
      "cpu": [
        "x64"
      ],
      "license": "MIT",
      "optional": true,
      "os": [
        "linux"
      ]
    },
    "node_modules/@goldenratio/type-transform-windows-x64": {
      "version": "0.1.11",
      "resolved": "https://registry.npmjs.org/@goldenratio/type-transform-windows-x64/-/type-transform-windows-x64-0.1.11.tgz",
      "integrity": "sha512-95VQHy43/GVVloK2UQMJRgod9h1lu0GSJkfbOONyAoNBnug5ONWNjpv7llKP1Y3+X5uGAtgGlAR5Tx9P9nlyuQ==",
      "cpu": [
        "x64"
      ],
      "license": "MIT",
      "optional": true,
      "os": [
        "win32"
      ]
    }
  }
}
